
Microsoft Visual Studio Solution File, Format Version 12.00
# Visual Studio Version 16
VisualStudioVersion = 16.0.31624.102
MinimumVisualStudioVersion = 10.0.40219.1
Project("{FAE04EC0-301F-11D3-BF4B-00C04F79EFBC}") = "modelbinding", "modelbinding\modelbinding.csproj", "{EC3E818A-4282-4090-9C67-E504ED233D91}"
EndProject
Global
	GlobalSection(SolutionConfigurationPlatforms) = preSolution
		Debug|Any CPU = Debug|Any CPU
		Release|Any CPU = Release|Any CPU
	EndGlobalSection
	GlobalSection(ProjectConfigurationPlatforms) = postSolution
		{EC3E818A-4282-4090-9C67-E504ED233D91}.Debug|Any CPU.ActiveCfg = Debug|Any CPU
		{EC3E818A-4282-4090-9C67-E504ED233D91}.Debug|Any CPU.Build.0 = Debug|Any CPU
		{EC3E818A-4282-4090-9C67-E504ED233D91}.Release|Any CPU.ActiveCfg = Release|Any CPU
		{EC3E818A-4282-4090-9C67-E504ED233D91}.Release|Any CPU.Build.0 = Release|Any CPU
	EndGlobalSection
	GlobalSection(SolutionProperties) = preSolution
		HideSolutionNode = FALSE
	EndGlobalSection
	GlobalSection(ExtensibilityGlobals) = postSolution
		SolutionGuid = {6C632DCC-90DB-4F10-9DB3-5745784D1B61}
	EndGlobalSection
EndGlobal
